
Microsoft Visual Studio Solution File, Format Version 12.00
# Visual Studio 15
VisualStudioVersion = 15.0.27130.2026
MinimumVisualStudioVersion = 10.0.40219.1
Project("{9A19103F-16F7-4668-BE54-9A1E7A4F7556}") = "Image_Gallery", "Image_Gallery\Image_Gallery.csproj", "{0DEBB10C-7959-4E4F-86C5-7779C3D9B235}"
EndProject
Project("{9A19103F-16F7-4668-BE54-9A1E7A4F7556}") = "Gallery_Image.Data", "Gallery_Image.Data\Gallery_Image.Data.csproj", "{4E7F7DFF-3FDF-49F9-98AD-8171F4DED894}"
EndProject
Project("{FAE04EC0-301F-11D3-BF4B-00C04F79EFBC}") = "Image_Gallery.Services", "Image_Gallery.Services\Image_Gallery.Services.csproj", "{5F25A3A6-102D-49DB-8F8B-C04FE8F7023B}"
EndProject
Global
	GlobalSection(SolutionConfigurationPlatforms) = preSolution
		Debug|Any CPU = Debug|Any CPU
		Release|Any CPU = Release|Any CPU
	EndGlobalSection
	GlobalSection(ProjectConfigurationPlatforms) = postSolution
		{0DEBB10C-7959-4E4F-86C5-7779C3D9B235}.Debug|Any CPU.ActiveCfg = Debug|Any CPU
		{0DEBB10C-7959-4E4F-86C5-7779C3D9B235}.Debug|Any CPU.Build.0 = Debug|Any CPU
		{0DEBB10C-7959-4E4F-86C5-7779C3D9B235}.Release|Any CPU.ActiveCfg = Release|Any CPU
		{0DEBB10C-7959-4E4F-86C5-7779C3D9B235}.Release|Any CPU.Build.0 = Release|Any CPU
		{4E7F7DFF-3FDF-49F9-98AD-8171F4DED894}.Debug|Any CPU.ActiveCfg = Debug|Any CPU
		{4E7F7DFF-3FDF-49F9-98AD-8171F4DED894}.Debug|Any CPU.Build.0 = Debug|Any CPU
		{4E7F7DFF-3FDF-49F9-98AD-8171F4DED894}.Release|Any CPU.ActiveCfg = Release|Any CPU
		{4E7F7DFF-3FDF-49F9-98AD-8171F4DED894}.Release|Any CPU.Build.0 = Release|Any CPU
		{5F25A3A6-102D-49DB-8F8B-C04FE8F7023B}.Debug|Any CPU.ActiveCfg = Debug|Any CPU
		{5F25A3A6-102D-49DB-8F8B-C04FE8F7023B}.Debug|Any CPU.Build.0 = Debug|Any CPU
		{5F25A3A6-102D-49DB-8F8B-C04FE8F7023B}.Release|Any CPU.ActiveCfg = Release|Any CPU
		{5F25A3A6-102D-49DB-8F8B-C04FE8F7023B}.Release|Any CPU.Build.0 = Release|Any CPU
	EndGlobalSection
	GlobalSection(SolutionProperties) = preSolution
		HideSolutionNode = FALSE
	EndGlobalSection
	GlobalSection(ExtensibilityGlobals) = postSolution
		SolutionGuid = {252F73EA-BD27-4A20-9A00-8B66B9609099}
	EndGlobalSection
EndGlobal
